
Microsoft Visual Studio Solution File, Format Version 12.00
# Visual Studio Version 16
VisualStudioVersion = 16.6.30114.105
MinimumVisualStudioVersion = 10.0.40219.1
Project("{2150E333-8FDC-42A3-9474-1A3956D46DE8}") = "src", "src", "{C5F125BC-1C10-4E46-B8C9-7F159E52DCE2}"
EndProject
Project("{2150E333-8FDC-42A3-9474-1A3956D46DE8}") = "Tiantong.Iot", "Tiantong.Iot", "{099E732B-B0F4-428B-A8EA-80A42ECAFD0E}"
EndProject
Project("{FAE04EC0-301F-11D3-BF4B-00C04F79EFBC}") = "Tiantong.Iot", "src\Tiantong.Iot\Tiantong.Iot\Tiantong.Iot.csproj", "{0CFA6B88-78F6-497E-9C76-C5194A93CACB}"
EndProject
Project("{FAE04EC0-301F-11D3-BF4B-00C04F79EFBC}") = "Tiantong.Iot.Api", "src\Tiantong.Iot\Tiantong.Iot.Api\Tiantong.Iot.Api.csproj", "{7DBB5354-2F86-4E89-ABE6-8EAFEC4BF421}"
EndProject
Project("{FAE04EC0-301F-11D3-BF4B-00C04F79EFBC}") = "Tiantong.Iot.Sqlite.Log", "src\Tiantong.Iot\Tiantong.Iot.Sqlite.Log\Tiantong.Iot.Sqlite.Log.csproj", "{49931290-E0A6-400C-89C9-C69295EE3638}"
EndProject
Project("{2150E333-8FDC-42A3-9474-1A3956D46DE8}") = "packages", "packages", "{75380964-11CB-48B4-B6E6-4B1497D1FAFC}"
EndProject
Project("{FAE04EC0-301F-11D3-BF4B-00C04F79EFBC}") = "Midos", "packages\Midos\Midos.csproj", "{940D90A6-BAE8-47B6-A90E-780A4787A4AD}"
EndProject
Project("{FAE04EC0-301F-11D3-BF4B-00C04F79EFBC}") = "DBCore", "packages\DBCore\DBCore.csproj", "{F5B0CE37-FE33-41F7-9BF7-11028BBACA54}"
EndProject
Project("{FAE04EC0-301F-11D3-BF4B-00C04F79EFBC}") = "DBCore.Postgres", "packages\DBCore.Postgres\DBCore.Postgres.csproj", "{038A239E-280C-4662-A1A1-9641FE8B11E2}"
EndProject
Project("{FAE04EC0-301F-11D3-BF4B-00C04F79EFBC}") = "DBCore.Sqlite", "packages\DbCore.Sqlite\DBCore.Sqlite.csproj", "{636AD8A7-F6C6-4B3F-8FA3-2C1574C2189D}"
EndProject
Project("{FAE04EC0-301F-11D3-BF4B-00C04F79EFBC}") = "Tiantong.Iot.Sqlite.System", "src\Tiantong.Iot\Tiantong.Iot.Sqlite.System\Tiantong.Iot.Sqlite.System.csproj", "{F37BB9A5-FC11-4C90-9BC0-9447DB80649B}"
EndProject
Project("{FAE04EC0-301F-11D3-BF4B-00C04F79EFBC}") = "Tiantong.Iot.Utils", "src\Tiantong.Iot\Tiantong.Iot.Utils\Tiantong.Iot.Utils.csproj", "{838A4A02-5178-4F2D-B5C4-4319FE98D4CC}"
EndProject
Project("{FAE04EC0-301F-11D3-BF4B-00C04F79EFBC}") = "Tiantong.Iot.Winforms", "src\Tiantong.Iot\Tiantong.Iot.Winform\Tiantong.Iot.Winforms.csproj", "{0CED1E5D-4937-4A61-9290-4A20919C88FC}"
EndProject
Project("{2150E333-8FDC-42A3-9474-1A3956D46DE8}") = "Midos.Center", "Midos.Center", "{0F7884B8-442E-4BFE-9D4F-3FDEBCB96F69}"
EndProject
Project("{FAE04EC0-301F-11D3-BF4B-00C04F79EFBC}") = "Midos.Center.Api", "src\Midos.Center\Midos.Center.Api\Midos.Center.Api.csproj", "{5F5CFB01-9A50-4909-8D10-86F8E27E3AF8}"
EndProject
Project("{FAE04EC0-301F-11D3-BF4B-00C04F79EFBC}") = "Midos.Center.Database", "src\Midos.Center\Midos.Center.Database\Midos.Center.Database.csproj", "{0E1208E8-2319-4C61-9DCB-7BD01C21D7D6}"
EndProject
Project("{2150E333-8FDC-42A3-9474-1A3956D46DE8}") = "Namei", "Namei", "{72E6D70E-17D7-4560-A958-615B1C02C950}"
EndProject
Project("{FAE04EC0-301F-11D3-BF4B-00C04F79EFBC}") = "Namei.Common.Api", "src\Namei\Namei.Common.Api\Namei.Common.Api.csproj", "{A7088426-A1D3-4437-8A40-305397A52CA8}"
EndProject
Project("{FAE04EC0-301F-11D3-BF4B-00C04F79EFBC}") = "Namei.Iot.Server", "src\Namei\Namei.Iot.Server\Namei.Iot.Server.csproj", "{6F8477D6-2064-4D74-B77C-71081CB0B061}"
EndProject
Project("{FAE04EC0-301F-11D3-BF4B-00C04F79EFBC}") = "Namei.Midos.Api", "src\Namei\Namei.Midos.Server\Namei.Midos.Api.csproj", "{3A6234A9-F978-4AA4-801F-0390B838EE34}"
EndProject
Project("{FAE04EC0-301F-11D3-BF4B-00C04F79EFBC}") = "Namei.Wcs.Api", "src\Namei\Namei.Wcs.Api\Namei.Wcs.Api.csproj", "{025B04E5-FACA-472C-9DE2-4B2F644AF62B}"
EndProject
Project("{FAE04EC0-301F-11D3-BF4B-00C04F79EFBC}") = "Namei.Wcs.Database", "src\Namei\Namei.Wcs.Database\Namei.Wcs.Database.csproj", "{247C375E-3070-4B10-94EE-12599B9A244A}"
EndProject
Project("{2150E333-8FDC-42A3-9474-1A3956D46DE8}") = "tests", "tests", "{11983D01-08D9-4FFA-8A27-7975C9107DF5}"
EndProject
Project("{FAE04EC0-301F-11D3-BF4B-00C04F79EFBC}") = "DBCore.Sqlite.Test", "tests\DBCore.Sqlite.Test\DBCore.Sqlite.Test.csproj", "{AE22E451-E9DD-49B7-AE0D-B23B169526C9}"
EndProject
Project("{FAE04EC0-301F-11D3-BF4B-00C04F79EFBC}") = "Midos.Test", "tests\Midos.Test\Midos.Test.csproj", "{26793642-BC88-42BD-B4CF-67E39CD82342}"
EndProject
Project("{FAE04EC0-301F-11D3-BF4B-00C04F79EFBC}") = "Namei.Wcs.Api.Test", "tests\Namei.Wcs.Api.Test\Namei.Wcs.Api.Test.csproj", "{460D23E4-63F1-432E-8A45-8B8F35826F10}"
EndProject
Project("{FAE04EC0-301F-11D3-BF4B-00C04F79EFBC}") = "Wcs.Plc.Test", "tests\Tiantong.Iot.Test\Wcs.Plc.Test.csproj", "{BC122C45-A180-446A-8343-12D455F50D67}"
EndProject
Project("{FAE04EC0-301F-11D3-BF4B-00C04F79EFBC}") = "Wcs.Plc.DB.Sqlite.Test", "tests\Tiantong.Iot.Sqlite.Test\Wcs.Plc.DB.Sqlite.Test.csproj", "{3E01F957-A60B-4449-AF8A-32FDDE8EB696}"
EndProject
Global
	GlobalSection(SolutionConfigurationPlatforms) = preSolution
		Debug|Any CPU = Debug|Any CPU
		Debug|x64 = Debug|x64
		Debug|x86 = Debug|x86
		Release|Any CPU = Release|Any CPU
		Release|x64 = Release|x64
		Release|x86 = Release|x86
	EndGlobalSection
	GlobalSection(SolutionProperties) = preSolution
		HideSolutionNode = FALSE
	EndGlobalSection
	GlobalSection(ProjectConfigurationPlatforms) = postSolution
		{0CFA6B88-78F6-497E-9C76-C5194A93CACB}.Debug|Any CPU.ActiveCfg = Debug|Any CPU
		{0CFA6B88-78F6-497E-9C76-C5194A93CACB}.Debug|Any CPU.Build.0 = Debug|Any CPU
		{0CFA6B88-78F6-497E-9C76-C5194A93CACB}.Debug|x64.ActiveCfg = Debug|Any CPU
		{0CFA6B88-78F6-497E-9C76-C5194A93CACB}.Debug|x64.Build.0 = Debug|Any CPU
		{0CFA6B88-78F6-497E-9C76-C5194A93CACB}.Debug|x86.ActiveCfg = Debug|Any CPU
		{0CFA6B88-78F6-497E-9C76-C5194A93CACB}.Debug|x86.Build.0 = Debug|Any CPU
		{0CFA6B88-78F6-497E-9C76-C5194A93CACB}.Release|Any CPU.ActiveCfg = Release|Any CPU
		{0CFA6B88-78F6-497E-9C76-C5194A93CACB}.Release|Any CPU.Build.0 = Release|Any CPU
		{0CFA6B88-78F6-497E-9C76-C5194A93CACB}.Release|x64.ActiveCfg = Release|Any CPU
		{0CFA6B88-78F6-497E-9C76-C5194A93CACB}.Release|x64.Build.0 = Release|Any CPU
		{0CFA6B88-78F6-497E-9C76-C5194A93CACB}.Release|x86.ActiveCfg = Release|Any CPU
		{0CFA6B88-78F6-497E-9C76-C5194A93CACB}.Release|x86.Build.0 = Release|Any CPU
		{7DBB5354-2F86-4E89-ABE6-8EAFEC4BF421}.Debug|Any CPU.ActiveCfg = Debug|Any CPU
		{7DBB5354-2F86-4E89-ABE6-8EAFEC4BF421}.Debug|Any CPU.Build.0 = Debug|Any CPU
		{7DBB5354-2F86-4E89-ABE6-8EAFEC4BF421}.Debug|x64.ActiveCfg = Debug|Any CPU
		{7DBB5354-2F86-4E89-ABE6-8EAFEC4BF421}.Debug|x64.Build.0 = Debug|Any CPU
		{7DBB5354-2F86-4E89-ABE6-8EAFEC4BF421}.Debug|x86.ActiveCfg = Debug|Any CPU
		{7DBB5354-2F86-4E89-ABE6-8EAFEC4BF421}.Debug|x86.Build.0 = Debug|Any CPU
		{7DBB5354-2F86-4E89-ABE6-8EAFEC4BF421}.Release|Any CPU.ActiveCfg = Release|Any CPU
		{7DBB5354-2F86-4E89-ABE6-8EAFEC4BF421}.Release|Any CPU.Build.0 = Release|Any CPU
		{7DBB5354-2F86-4E89-ABE6-8EAFEC4BF421}.Release|x64.ActiveCfg = Release|Any CPU
		{7DBB5354-2F86-4E89-ABE6-8EAFEC4BF421}.Release|x64.Build.0 = Release|Any CPU
		{7DBB5354-2F86-4E89-ABE6-8EAFEC4BF421}.Release|x86.ActiveCfg = Release|Any CPU
		{7DBB5354-2F86-4E89-ABE6-8EAFEC4BF421}.Release|x86.Build.0 = Release|Any CPU
		{49931290-E0A6-400C-89C9-C69295EE3638}.Debug|Any CPU.ActiveCfg = Debug|Any CPU
		{49931290-E0A6-400C-89C9-C69295EE3638}.Debug|Any CPU.Build.0 = Debug|Any CPU
		{49931290-E0A6-400C-89C9-C69295EE3638}.Debug|x64.ActiveCfg = Debug|Any CPU
		{49931290-E0A6-400C-89C9-C69295EE3638}.Debug|x64.Build.0 = Debug|Any CPU
		{49931290-E0A6-400C-89C9-C69295EE3638}.Debug|x86.ActiveCfg = Debug|Any CPU
		{49931290-E0A6-400C-89C9-C69295EE3638}.Debug|x86.Build.0 = Debug|Any CPU
		{49931290-E0A6-400C-89C9-C69295EE3638}.Release|Any CPU.ActiveCfg = Release|Any CPU
		{49931290-E0A6-400C-89C9-C69295EE3638}.Release|Any CPU.Build.0 = Release|Any CPU
		{49931290-E0A6-400C-89C9-C69295EE3638}.Release|x64.ActiveCfg = Release|Any CPU
		{49931290-E0A6-400C-89C9-C69295EE3638}.Release|x64.Build.0 = Release|Any CPU
		{49931290-E0A6-400C-89C9-C69295EE3638}.Release|x86.ActiveCfg = Release|Any CPU
		{49931290-E0A6-400C-89C9-C69295EE3638}.Release|x86.Build.0 = Release|Any CPU
		{940D90A6-BAE8-47B6-A90E-780A4787A4AD}.Debug|Any CPU.ActiveCfg = Debug|Any CPU
		{940D90A6-BAE8-47B6-A90E-780A4787A4AD}.Debug|Any CPU.Build.0 = Debug|Any CPU
		{940D90A6-BAE8-47B6-A90E-780A4787A4AD}.Debug|x64.ActiveCfg = Debug|Any CPU
		{940D90A6-BAE8-47B6-A90E-780A4787A4AD}.Debug|x64.Build.0 = Debug|Any CPU
		{940D90A6-BAE8-47B6-A90E-780A4787A4AD}.Debug|x86.ActiveCfg = Debug|Any CPU
		{940D90A6-BAE8-47B6-A90E-780A4787A4AD}.Debug|x86.Build.0 = Debug|Any CPU
		{940D90A6-BAE8-47B6-A90E-780A4787A4AD}.Release|Any CPU.ActiveCfg = Release|Any CPU
		{940D90A6-BAE8-47B6-A90E-780A4787A4AD}.Release|Any CPU.Build.0 = Release|Any CPU
		{940D90A6-BAE8-47B6-A90E-780A4787A4AD}.Release|x64.ActiveCfg = Release|Any CPU
		{940D90A6-BAE8-47B6-A90E-780A4787A4AD}.Release|x64.Build.0 = Release|Any CPU
		{940D90A6-BAE8-47B6-A90E-780A4787A4AD}.Release|x86.ActiveCfg = Release|Any CPU
		{940D90A6-BAE8-47B6-A90E-780A4787A4AD}.Release|x86.Build.0 = Release|Any CPU
		{F5B0CE37-FE33-41F7-9BF7-11028BBACA54}.Debug|Any CPU.ActiveCfg = Debug|Any CPU
		{F5B0CE37-FE33-41F7-9BF7-11028BBACA54}.Debug|Any CPU.Build.0 = Debug|Any CPU
		{F5B0CE37-FE33-41F7-9BF7-11028BBACA54}.Debug|x64.ActiveCfg = Debug|Any CPU
		{F5B0CE37-FE33-41F7-9BF7-11028BBACA54}.Debug|x64.Build.0 = Debug|Any CPU
		{F5B0CE37-FE33-41F7-9BF7-11028BBACA54}.Debug|x86.ActiveCfg = Debug|Any CPU
		{F5B0CE37-FE33-41F7-9BF7-11028BBACA54}.Debug|x86.Build.0 = Debug|Any CPU
		{F5B0CE37-FE33-41F7-9BF7-11028BBACA54}.Release|Any CPU.ActiveCfg = Release|Any CPU
		{F5B0CE37-FE33-41F7-9BF7-11028BBACA54}.Release|Any CPU.Build.0 = Release|Any CPU
		{F5B0CE37-FE33-41F7-9BF7-11028BBACA54}.Release|x64.ActiveCfg = Release|Any CPU
		{F5B0CE37-FE33-41F7-9BF7-11028BBACA54}.Release|x64.Build.0 = Release|Any CPU
		{F5B0CE37-FE33-41F7-9BF7-11028BBACA54}.Release|x86.ActiveCfg = Release|Any CPU
		{F5B0CE37-FE33-41F7-9BF7-11028BBACA54}.Release|x86.Build.0 = Release|Any CPU
		{038A239E-280C-4662-A1A1-9641FE8B11E2}.Debug|Any CPU.ActiveCfg = Debug|Any CPU
		{038A239E-280C-4662-A1A1-9641FE8B11E2}.Debug|Any CPU.Build.0 = Debug|Any CPU
		{038A239E-280C-4662-A1A1-9641FE8B11E2}.Debug|x64.ActiveCfg = Debug|Any CPU
		{038A239E-280C-4662-A1A1-9641FE8B11E2}.Debug|x64.Build.0 = Debug|Any CPU
		{038A239E-280C-4662-A1A1-9641FE8B11E2}.Debug|x86.ActiveCfg = Debug|Any CPU
		{038A239E-280C-4662-A1A1-9641FE8B11E2}.Debug|x86.Build.0 = Debug|Any CPU
		{038A239E-280C-4662-A1A1-9641FE8B11E2}.Release|Any CPU.ActiveCfg = Release|Any CPU
		{038A239E-280C-4662-A1A1-9641FE8B11E2}.Release|Any CPU.Build.0 = Release|Any CPU
		{038A239E-280C-4662-A1A1-9641FE8B11E2}.Release|x64.ActiveCfg = Release|Any CPU
		{038A239E-280C-4662-A1A1-9641FE8B11E2}.Release|x64.Build.0 = Release|Any CPU
		{038A239E-280C-4662-A1A1-9641FE8B11E2}.Release|x86.ActiveCfg = Release|Any CPU
		{038A239E-280C-4662-A1A1-9641FE8B11E2}.Release|x86.Build.0 = Release|Any CPU
		{636AD8A7-F6C6-4B3F-8FA3-2C1574C2189D}.Debug|Any CPU.ActiveCfg = Debug|Any CPU
		{636AD8A7-F6C6-4B3F-8FA3-2C1574C2189D}.Debug|Any CPU.Build.0 = Debug|Any CPU
		{636AD8A7-F6C6-4B3F-8FA3-2C1574C2189D}.Debug|x64.ActiveCfg = Debug|Any CPU
		{636AD8A7-F6C6-4B3F-8FA3-2C1574C2189D}.Debug|x64.Build.0 = Debug|Any CPU
		{636AD8A7-F6C6-4B3F-8FA3-2C1574C2189D}.Debug|x86.ActiveCfg = Debug|Any CPU
		{636AD8A7-F6C6-4B3F-8FA3-2C1574C2189D}.Debug|x86.Build.0 = Debug|Any CPU
		{636AD8A7-F6C6-4B3F-8FA3-2C1574C2189D}.Release|Any CPU.ActiveCfg = Release|Any CPU
		{636AD8A7-F6C6-4B3F-8FA3-2C1574C2189D}.Release|Any CPU.Build.0 = Release|Any CPU
		{636AD8A7-F6C6-4B3F-8FA3-2C1574C2189D}.Release|x64.ActiveCfg = Release|Any CPU
		{636AD8A7-F6C6-4B3F-8FA3-2C1574C2189D}.Release|x64.Build.0 = Release|Any CPU
		{636AD8A7-F6C6-4B3F-8FA3-2C1574C2189D}.Release|x86.ActiveCfg = Release|Any CPU
		{636AD8A7-F6C6-4B3F-8FA3-2C1574C2189D}.Release|x86.Build.0 = Release|Any CPU
		{F37BB9A5-FC11-4C90-9BC0-9447DB80649B}.Debug|Any CPU.ActiveCfg = Debug|Any CPU
		{F37BB9A5-FC11-4C90-9BC0-9447DB80649B}.Debug|Any CPU.Build.0 = Debug|Any CPU
		{F37BB9A5-FC11-4C90-9BC0-9447DB80649B}.Debug|x64.ActiveCfg = Debug|Any CPU
		{F37BB9A5-FC11-4C90-9BC0-9447DB80649B}.Debug|x64.Build.0 = Debug|Any CPU
		{F37BB9A5-FC11-4C90-9BC0-9447DB80649B}.Debug|x86.ActiveCfg = Debug|Any CPU
		{F37BB9A5-FC11-4C90-9BC0-9447DB80649B}.Debug|x86.Build.0 = Debug|Any CPU
		{F37BB9A5-FC11-4C90-9BC0-9447DB80649B}.Release|Any CPU.ActiveCfg = Release|Any CPU
		{F37BB9A5-FC11-4C90-9BC0-9447DB80649B}.Release|Any CPU.Build.0 = Release|Any CPU
		{F37BB9A5-FC11-4C90-9BC0-9447DB80649B}.Release|x64.ActiveCfg = Release|Any CPU
		{F37BB9A5-FC11-4C90-9BC0-9447DB80649B}.Release|x64.Build.0 = Release|Any CPU
		{F37BB9A5-FC11-4C90-9BC0-9447DB80649B}.Release|x86.ActiveCfg = Release|Any CPU
		{F37BB9A5-FC11-4C90-9BC0-9447DB80649B}.Release|x86.Build.0 = Release|Any CPU
		{838A4A02-5178-4F2D-B5C4-4319FE98D4CC}.Debug|Any CPU.ActiveCfg = Debug|Any CPU
		{838A4A02-5178-4F2D-B5C4-4319FE98D4CC}.Debug|Any CPU.Build.0 = Debug|Any CPU
		{838A4A02-5178-4F2D-B5C4-4319FE98D4CC}.Debug|x64.ActiveCfg = Debug|Any CPU
		{838A4A02-5178-4F2D-B5C4-4319FE98D4CC}.Debug|x64.Build.0 = Debug|Any CPU
		{838A4A02-5178-4F2D-B5C4-4319FE98D4CC}.Debug|x86.ActiveCfg = Debug|Any CPU
		{838A4A02-5178-4F2D-B5C4-4319FE98D4CC}.Debug|x86.Build.0 = Debug|Any CPU
		{838A4A02-5178-4F2D-B5C4-4319FE98D4CC}.Release|Any CPU.ActiveCfg = Release|Any CPU
		{838A4A02-5178-4F2D-B5C4-4319FE98D4CC}.Release|Any CPU.Build.0 = Release|Any CPU
		{838A4A02-5178-4F2D-B5C4-4319FE98D4CC}.Release|x64.ActiveCfg = Release|Any CPU
		{838A4A02-5178-4F2D-B5C4-4319FE98D4CC}.Release|x64.Build.0 = Release|Any CPU
		{838A4A02-5178-4F2D-B5C4-4319FE98D4CC}.Release|x86.ActiveCfg = Release|Any CPU
		{838A4A02-5178-4F2D-B5C4-4319FE98D4CC}.Release|x86.Build.0 = Release|Any CPU
		{0CED1E5D-4937-4A61-9290-4A20919C88FC}.Debug|Any CPU.ActiveCfg = Debug|Any CPU
		{0CED1E5D-4937-4A61-9290-4A20919C88FC}.Debug|Any CPU.Build.0 = Debug|Any CPU
		{0CED1E5D-4937-4A61-9290-4A20919C88FC}.Debug|x64.ActiveCfg = Debug|Any CPU
		{0CED1E5D-4937-4A61-9290-4A20919C88FC}.Debug|x64.Build.0 = Debug|Any CPU
		{0CED1E5D-4937-4A61-9290-4A20919C88FC}.Debug|x86.ActiveCfg = Debug|Any CPU
		{0CED1E5D-4937-4A61-9290-4A20919C88FC}.Debug|x86.Build.0 = Debug|Any CPU
		{0CED1E5D-4937-4A61-9290-4A20919C88FC}.Release|Any CPU.ActiveCfg = Release|Any CPU
		{0CED1E5D-4937-4A61-9290-4A20919C88FC}.Release|Any CPU.Build.0 = Release|Any CPU
		{0CED1E5D-4937-4A61-9290-4A20919C88FC}.Release|x64.ActiveCfg = Release|Any CPU
		{0CED1E5D-4937-4A61-9290-4A20919C88FC}.Release|x64.Build.0 = Release|Any CPU
		{0CED1E5D-4937-4A61-9290-4A20919C88FC}.Release|x86.ActiveCfg = Release|Any CPU
		{0CED1E5D-4937-4A61-9290-4A20919C88FC}.Release|x86.Build.0 = Release|Any CPU
		{5F5CFB01-9A50-4909-8D10-86F8E27E3AF8}.Debug|Any CPU.ActiveCfg = Debug|Any CPU
		{5F5CFB01-9A50-4909-8D10-86F8E27E3AF8}.Debug|Any CPU.Build.0 = Debug|Any CPU
		{5F5CFB01-9A50-4909-8D10-86F8E27E3AF8}.Debug|x64.ActiveCfg = Debug|Any CPU
		{5F5CFB01-9A50-4909-8D10-86F8E27E3AF8}.Debug|x64.Build.0 = Debug|Any CPU
		{5F5CFB01-9A50-4909-8D10-86F8E27E3AF8}.Debug|x86.ActiveCfg = Debug|Any CPU
		{5F5CFB01-9A50-4909-8D10-86F8E27E3AF8}.Debug|x86.Build.0 = Debug|Any CPU
		{5F5CFB01-9A50-4909-8D10-86F8E27E3AF8}.Release|Any CPU.ActiveCfg = Release|Any CPU
		{5F5CFB01-9A50-4909-8D10-86F8E27E3AF8}.Release|Any CPU.Build.0 = Release|Any CPU
		{5F5CFB01-9A50-4909-8D10-86F8E27E3AF8}.Release|x64.ActiveCfg = Release|Any CPU
		{5F5CFB01-9A50-4909-8D10-86F8E27E3AF8}.Release|x64.Build.0 = Release|Any CPU
		{5F5CFB01-9A50-4909-8D10-86F8E27E3AF8}.Release|x86.ActiveCfg = Release|Any CPU
		{5F5CFB01-9A50-4909-8D10-86F8E27E3AF8}.Release|x86.Build.0 = Release|Any CPU
		{0E1208E8-2319-4C61-9DCB-7BD01C21D7D6}.Debug|Any CPU.ActiveCfg = Debug|Any CPU
		{0E1208E8-2319-4C61-9DCB-7BD01C21D7D6}.Debug|Any CPU.Build.0 = Debug|Any CPU
		{0E1208E8-2319-4C61-9DCB-7BD01C21D7D6}.Debug|x64.ActiveCfg = Debug|Any CPU
		{0E1208E8-2319-4C61-9DCB-7BD01C21D7D6}.Debug|x64.Build.0 = Debug|Any CPU
		{0E1208E8-2319-4C61-9DCB-7BD01C21D7D6}.Debug|x86.ActiveCfg = Debug|Any CPU
		{0E1208E8-2319-4C61-9DCB-7BD01C21D7D6}.Debug|x86.Build.0 = Debug|Any CPU
		{0E1208E8-2319-4C61-9DCB-7BD01C21D7D6}.Release|Any CPU.ActiveCfg = Release|Any CPU
		{0E1208E8-2319-4C61-9DCB-7BD01C21D7D6}.Release|Any CPU.Build.0 = Release|Any CPU
		{0E1208E8-2319-4C61-9DCB-7BD01C21D7D6}.Release|x64.ActiveCfg = Release|Any CPU
		{0E1208E8-2319-4C61-9DCB-7BD01C21D7D6}.Release|x64.Build.0 = Release|Any CPU
		{0E1208E8-2319-4C61-9DCB-7BD01C21D7D6}.Release|x86.ActiveCfg = Release|Any CPU
		{0E1208E8-2319-4C61-9DCB-7BD01C21D7D6}.Release|x86.Build.0 = Release|Any CPU
		{A7088426-A1D3-4437-8A40-305397A52CA8}.Debug|Any CPU.ActiveCfg = Debug|Any CPU
		{A7088426-A1D3-4437-8A40-305397A52CA8}.Debug|Any CPU.Build.0 = Debug|Any CPU
		{A7088426-A1D3-4437-8A40-305397A52CA8}.Debug|x64.ActiveCfg = Debug|Any CPU
		{A7088426-A1D3-4437-8A40-305397A52CA8}.Debug|x64.Build.0 = Debug|Any CPU
		{A7088426-A1D3-4437-8A40-305397A52CA8}.Debug|x86.ActiveCfg = Debug|Any CPU
		{A7088426-A1D3-4437-8A40-305397A52CA8}.Debug|x86.Build.0 = Debug|Any CPU
		{A7088426-A1D3-4437-8A40-305397A52CA8}.Release|Any CPU.ActiveCfg = Release|Any CPU
		{A7088426-A1D3-4437-8A40-305397A52CA8}.Release|Any CPU.Build.0 = Release|Any CPU
		{A7088426-A1D3-4437-8A40-305397A52CA8}.Release|x64.ActiveCfg = Release|Any CPU
		{A7088426-A1D3-4437-8A40-305397A52CA8}.Release|x64.Build.0 = Release|Any CPU
		{A7088426-A1D3-4437-8A40-305397A52CA8}.Release|x86.ActiveCfg = Release|Any CPU
		{A7088426-A1D3-4437-8A40-305397A52CA8}.Release|x86.Build.0 = Release|Any CPU
		{6F8477D6-2064-4D74-B77C-71081CB0B061}.Debug|Any CPU.ActiveCfg = Debug|Any CPU
		{6F8477D6-2064-4D74-B77C-71081CB0B061}.Debug|Any CPU.Build.0 = Debug|Any CPU
		{6F8477D6-2064-4D74-B77C-71081CB0B061}.Debug|x64.ActiveCfg = Debug|Any CPU
		{6F8477D6-2064-4D74-B77C-71081CB0B061}.Debug|x64.Build.0 = Debug|Any CPU
		{6F8477D6-2064-4D74-B77C-71081CB0B061}.Debug|x86.ActiveCfg = Debug|Any CPU
		{6F8477D6-2064-4D74-B77C-71081CB0B061}.Debug|x86.Build.0 = Debug|Any CPU
		{6F8477D6-2064-4D74-B77C-71081CB0B061}.Release|Any CPU.ActiveCfg = Release|Any CPU
		{6F8477D6-2064-4D74-B77C-71081CB0B061}.Release|Any CPU.Build.0 = Release|Any CPU
		{6F8477D6-2064-4D74-B77C-71081CB0B061}.Release|x64.ActiveCfg = Release|Any CPU
		{6F8477D6-2064-4D74-B77C-71081CB0B061}.Release|x64.Build.0 = Release|Any CPU
		{6F8477D6-2064-4D74-B77C-71081CB0B061}.Release|x86.ActiveCfg = Release|Any CPU
		{6F8477D6-2064-4D74-B77C-71081CB0B061}.Release|x86.Build.0 = Release|Any CPU
		{3A6234A9-F978-4AA4-801F-0390B838EE34}.Debug|Any CPU.ActiveCfg = Debug|Any CPU
		{3A6234A9-F978-4AA4-801F-0390B838EE34}.Debug|Any CPU.Build.0 = Debug|Any CPU
		{3A6234A9-F978-4AA4-801F-0390B838EE34}.Debug|x64.ActiveCfg = Debug|Any CPU
		{3A6234A9-F978-4AA4-801F-0390B838EE34}.Debug|x64.Build.0 = Debug|Any CPU
		{3A6234A9-F978-4AA4-801F-0390B838EE34}.Debug|x86.ActiveCfg = Debug|Any CPU
		{3A6234A9-F978-4AA4-801F-0390B838EE34}.Debug|x86.Build.0 = Debug|Any CPU
		{3A6234A9-F978-4AA4-801F-0390B838EE34}.Release|Any CPU.ActiveCfg = Release|Any CPU
		{3A6234A9-F978-4AA4-801F-0390B838EE34}.Release|Any CPU.Build.0 = Release|Any CPU
		{3A6234A9-F978-4AA4-801F-0390B838EE34}.Release|x64.ActiveCfg = Release|Any CPU
		{3A6234A9-F978-4AA4-801F-0390B838EE34}.Release|x64.Build.0 = Release|Any CPU
		{3A6234A9-F978-4AA4-801F-0390B838EE34}.Release|x86.ActiveCfg = Release|Any CPU
		{3A6234A9-F978-4AA4-801F-0390B838EE34}.Release|x86.Build.0 = Release|Any CPU
		{025B04E5-FACA-472C-9DE2-4B2F644AF62B}.Debug|Any CPU.ActiveCfg = Debug|Any CPU
		{025B04E5-FACA-472C-9DE2-4B2F644AF62B}.Debug|Any CPU.Build.0 = Debug|Any CPU
		{025B04E5-FACA-472C-9DE2-4B2F644AF62B}.Debug|x64.ActiveCfg = Debug|Any CPU
		{025B04E5-FACA-472C-9DE2-4B2F644AF62B}.Debug|x64.Build.0 = Debug|Any CPU
		{025B04E5-FACA-472C-9DE2-4B2F644AF62B}.Debug|x86.ActiveCfg = Debug|Any CPU
		{025B04E5-FACA-472C-9DE2-4B2F644AF62B}.Debug|x86.Build.0 = Debug|Any CPU
		{025B04E5-FACA-472C-9DE2-4B2F644AF62B}.Release|Any CPU.ActiveCfg = Release|Any CPU
		{025B04E5-FACA-472C-9DE2-4B2F644AF62B}.Release|Any CPU.Build.0 = Release|Any CPU
		{025B04E5-FACA-472C-9DE2-4B2F644AF62B}.Release|x64.ActiveCfg = Release|Any CPU
		{025B04E5-FACA-472C-9DE2-4B2F644AF62B}.Release|x64.Build.0 = Release|Any CPU
		{025B04E5-FACA-472C-9DE2-4B2F644AF62B}.Release|x86.ActiveCfg = Release|Any CPU
		{025B04E5-FACA-472C-9DE2-4B2F644AF62B}.Release|x86.Build.0 = Release|Any CPU
		{247C375E-3070-4B10-94EE-12599B9A244A}.Debug|Any CPU.ActiveCfg = Debug|Any CPU
		{247C375E-3070-4B10-94EE-12599B9A244A}.Debug|Any CPU.Build.0 = Debug|Any CPU
		{247C375E-3070-4B10-94EE-12599B9A244A}.Debug|x64.ActiveCfg = Debug|Any CPU
		{247C375E-3070-4B10-94EE-12599B9A244A}.Debug|x64.Build.0 = Debug|Any CPU
		{247C375E-3070-4B10-94EE-12599B9A244A}.Debug|x86.ActiveCfg = Debug|Any CPU
		{247C375E-3070-4B10-94EE-12599B9A244A}.Debug|x86.Build.0 = Debug|Any CPU
		{247C375E-3070-4B10-94EE-12599B9A244A}.Release|Any CPU.ActiveCfg = Release|Any CPU
		{247C375E-3070-4B10-94EE-12599B9A244A}.Release|Any CPU.Build.0 = Release|Any CPU
		{247C375E-3070-4B10-94EE-12599B9A244A}.Release|x64.ActiveCfg = Release|Any CPU
		{247C375E-3070-4B10-94EE-12599B9A244A}.Release|x64.Build.0 = Release|Any CPU
		{247C375E-3070-4B10-94EE-12599B9A244A}.Release|x86.ActiveCfg = Release|Any CPU
		{247C375E-3070-4B10-94EE-12599B9A244A}.Release|x86.Build.0 = Release|Any CPU
		{AE22E451-E9DD-49B7-AE0D-B23B169526C9}.Debug|Any CPU.ActiveCfg = Debug|Any CPU
		{AE22E451-E9DD-49B7-AE0D-B23B169526C9}.Debug|Any CPU.Build.0 = Debug|Any CPU
		{AE22E451-E9DD-49B7-AE0D-B23B169526C9}.Debug|x64.ActiveCfg = Debug|Any CPU
		{AE22E451-E9DD-49B7-AE0D-B23B169526C9}.Debug|x64.Build.0 = Debug|Any CPU
		{AE22E451-E9DD-49B7-AE0D-B23B169526C9}.Debug|x86.ActiveCfg = Debug|Any CPU
		{AE22E451-E9DD-49B7-AE0D-B23B169526C9}.Debug|x86.Build.0 = Debug|Any CPU
		{AE22E451-E9DD-49B7-AE0D-B23B169526C9}.Release|Any CPU.ActiveCfg = Release|Any CPU
		{AE22E451-E9DD-49B7-AE0D-B23B169526C9}.Release|Any CPU.Build.0 = Release|Any CPU
		{AE22E451-E9DD-49B7-AE0D-B23B169526C9}.Release|x64.ActiveCfg = Release|Any CPU
		{AE22E451-E9DD-49B7-AE0D-B23B169526C9}.Release|x64.Build.0 = Release|Any CPU
		{AE22E451-E9DD-49B7-AE0D-B23B169526C9}.Release|x86.ActiveCfg = Release|Any CPU
		{AE22E451-E9DD-49B7-AE0D-B23B169526C9}.Release|x86.Build.0 = Release|Any CPU
		{26793642-BC88-42BD-B4CF-67E39CD82342}.Debug|Any CPU.ActiveCfg = Debug|Any CPU
		{26793642-BC88-42BD-B4CF-67E39CD82342}.Debug|Any CPU.Build.0 = Debug|Any CPU
		{26793642-BC88-42BD-B4CF-67E39CD82342}.Debug|x64.ActiveCfg = Debug|Any CPU
		{26793642-BC88-42BD-B4CF-67E39CD82342}.Debug|x64.Build.0 = Debug|Any CPU
		{26793642-BC88-42BD-B4CF-67E39CD82342}.Debug|x86.ActiveCfg = Debug|Any CPU
		{26793642-BC88-42BD-B4CF-67E39CD82342}.Debug|x86.Build.0 = Debug|Any CPU
		{26793642-BC88-42BD-B4CF-67E39CD82342}.Release|Any CPU.ActiveCfg = Release|Any CPU
		{26793642-BC88-42BD-B4CF-67E39CD82342}.Release|Any CPU.Build.0 = Release|Any CPU
		{26793642-BC88-42BD-B4CF-67E39CD82342}.Release|x64.ActiveCfg = Release|Any CPU
		{26793642-BC88-42BD-B4CF-67E39CD82342}.Release|x64.Build.0 = Release|Any CPU
		{26793642-BC88-42BD-B4CF-67E39CD82342}.Release|x86.ActiveCfg = Release|Any CPU
		{26793642-BC88-42BD-B4CF-67E39CD82342}.Release|x86.Build.0 = Release|Any CPU
		{460D23E4-63F1-432E-8A45-8B8F35826F10}.Debug|Any CPU.ActiveCfg = Debug|Any CPU
		{460D23E4-63F1-432E-8A45-8B8F35826F10}.Debug|Any CPU.Build.0 = Debug|Any CPU
		{460D23E4-63F1-432E-8A45-8B8F35826F10}.Debug|x64.ActiveCfg = Debug|Any CPU
		{460D23E4-63F1-432E-8A45-8B8F35826F10}.Debug|x64.Build.0 = Debug|Any CPU
		{460D23E4-63F1-432E-8A45-8B8F35826F10}.Debug|x86.ActiveCfg = Debug|Any CPU
		{460D23E4-63F1-432E-8A45-8B8F35826F10}.Debug|x86.Build.0 = Debug|Any CPU
		{460D23E4-63F1-432E-8A45-8B8F35826F10}.Release|Any CPU.ActiveCfg = Release|Any CPU
		{460D23E4-63F1-432E-8A45-8B8F35826F10}.Release|Any CPU.Build.0 = Release|Any CPU
		{460D23E4-63F1-432E-8A45-8B8F35826F10}.Release|x64.ActiveCfg = Release|Any CPU
		{460D23E4-63F1-432E-8A45-8B8F35826F10}.Release|x64.Build.0 = Release|Any CPU
		{460D23E4-63F1-432E-8A45-8B8F35826F10}.Release|x86.ActiveCfg = Release|Any CPU
		{460D23E4-63F1-432E-8A45-8B8F35826F10}.Release|x86.Build.0 = Release|Any CPU
		{BC122C45-A180-446A-8343-12D455F50D67}.Debug|Any CPU.ActiveCfg = Debug|Any CPU
		{BC122C45-A180-446A-8343-12D455F50D67}.Debug|Any CPU.Build.0 = Debug|Any CPU
		{BC122C45-A180-446A-8343-12D455F50D67}.Debug|x64.ActiveCfg = Debug|Any CPU
		{BC122C45-A180-446A-8343-12D455F50D67}.Debug|x64.Build.0 = Debug|Any CPU
		{BC122C45-A180-446A-8343-12D455F50D67}.Debug|x86.ActiveCfg = Debug|Any CPU
		{BC122C45-A180-446A-8343-12D455F50D67}.Debug|x86.Build.0 = Debug|Any CPU
		{BC122C45-A180-446A-8343-12D455F50D67}.Release|Any CPU.ActiveCfg = Release|Any CPU
		{BC122C45-A180-446A-8343-12D455F50D67}.Release|Any CPU.Build.0 = Release|Any CPU
		{BC122C45-A180-446A-8343-12D455F50D67}.Release|x64.ActiveCfg = Release|Any CPU
		{BC122C45-A180-446A-8343-12D455F50D67}.Release|x64.Build.0 = Release|Any CPU
		{BC122C45-A180-446A-8343-12D455F50D67}.Release|x86.ActiveCfg = Release|Any CPU
		{BC122C45-A180-446A-8343-12D455F50D67}.Release|x86.Build.0 = Release|Any CPU
		{3E01F957-A60B-4449-AF8A-32FDDE8EB696}.Debug|Any CPU.ActiveCfg = Debug|Any CPU
		{3E01F957-A60B-4449-AF8A-32FDDE8EB696}.Debug|Any CPU.Build.0 = Debug|Any CPU
		{3E01F957-A60B-4449-AF8A-32FDDE8EB696}.Debug|x64.ActiveCfg = Debug|Any CPU
		{3E01F957-A60B-4449-AF8A-32FDDE8EB696}.Debug|x64.Build.0 = Debug|Any CPU
		{3E01F957-A60B-4449-AF8A-32FDDE8EB696}.Debug|x86.ActiveCfg = Debug|Any CPU
		{3E01F957-A60B-4449-AF8A-32FDDE8EB696}.Debug|x86.Build.0 = Debug|Any CPU
		{3E01F957-A60B-4449-AF8A-32FDDE8EB696}.Release|Any CPU.ActiveCfg = Release|Any CPU
		{3E01F957-A60B-4449-AF8A-32FDDE8EB696}.Release|Any CPU.Build.0 = Release|Any CPU
		{3E01F957-A60B-4449-AF8A-32FDDE8EB696}.Release|x64.ActiveCfg = Release|Any CPU
		{3E01F957-A60B-4449-AF8A-32FDDE8EB696}.Release|x64.Build.0 = Release|Any CPU
		{3E01F957-A60B-4449-AF8A-32FDDE8EB696}.Release|x86.ActiveCfg = Release|Any CPU
		{3E01F957-A60B-4449-AF8A-32FDDE8EB696}.Release|x86.Build.0 = Release|Any CPU
	EndGlobalSection
	GlobalSection(NestedProjects) = preSolution
		{099E732B-B0F4-428B-A8EA-80A42ECAFD0E} = {C5F125BC-1C10-4E46-B8C9-7F159E52DCE2}
		{0CFA6B88-78F6-497E-9C76-C5194A93CACB} = {099E732B-B0F4-428B-A8EA-80A42ECAFD0E}
		{7DBB5354-2F86-4E89-ABE6-8EAFEC4BF421} = {099E732B-B0F4-428B-A8EA-80A42ECAFD0E}
		{49931290-E0A6-400C-89C9-C69295EE3638} = {099E732B-B0F4-428B-A8EA-80A42ECAFD0E}
		{940D90A6-BAE8-47B6-A90E-780A4787A4AD} = {75380964-11CB-48B4-B6E6-4B1497D1FAFC}
		{F5B0CE37-FE33-41F7-9BF7-11028BBACA54} = {75380964-11CB-48B4-B6E6-4B1497D1FAFC}
		{038A239E-280C-4662-A1A1-9641FE8B11E2} = {75380964-11CB-48B4-B6E6-4B1497D1FAFC}
		{636AD8A7-F6C6-4B3F-8FA3-2C1574C2189D} = {75380964-11CB-48B4-B6E6-4B1497D1FAFC}
		{F37BB9A5-FC11-4C90-9BC0-9447DB80649B} = {099E732B-B0F4-428B-A8EA-80A42ECAFD0E}
		{838A4A02-5178-4F2D-B5C4-4319FE98D4CC} = {099E732B-B0F4-428B-A8EA-80A42ECAFD0E}
		{0CED1E5D-4937-4A61-9290-4A20919C88FC} = {099E732B-B0F4-428B-A8EA-80A42ECAFD0E}
		{0F7884B8-442E-4BFE-9D4F-3FDEBCB96F69} = {C5F125BC-1C10-4E46-B8C9-7F159E52DCE2}
		{5F5CFB01-9A50-4909-8D10-86F8E27E3AF8} = {0F7884B8-442E-4BFE-9D4F-3FDEBCB96F69}
		{0E1208E8-2319-4C61-9DCB-7BD01C21D7D6} = {0F7884B8-442E-4BFE-9D4F-3FDEBCB96F69}
		{72E6D70E-17D7-4560-A958-615B1C02C950} = {C5F125BC-1C10-4E46-B8C9-7F159E52DCE2}
		{A7088426-A1D3-4437-8A40-305397A52CA8} = {72E6D70E-17D7-4560-A958-615B1C02C950}
		{6F8477D6-2064-4D74-B77C-71081CB0B061} = {72E6D70E-17D7-4560-A958-615B1C02C950}
		{3A6234A9-F978-4AA4-801F-0390B838EE34} = {72E6D70E-17D7-4560-A958-615B1C02C950}
		{025B04E5-FACA-472C-9DE2-4B2F644AF62B} = {72E6D70E-17D7-4560-A958-615B1C02C950}
		{247C375E-3070-4B10-94EE-12599B9A244A} = {72E6D70E-17D7-4560-A958-615B1C02C950}
		{AE22E451-E9DD-49B7-AE0D-B23B169526C9} = {11983D01-08D9-4FFA-8A27-7975C9107DF5}
		{26793642-BC88-42BD-B4CF-67E39CD82342} = {11983D01-08D9-4FFA-8A27-7975C9107DF5}
		{460D23E4-63F1-432E-8A45-8B8F35826F10} = {11983D01-08D9-4FFA-8A27-7975C9107DF5}
		{BC122C45-A180-446A-8343-12D455F50D67} = {11983D01-08D9-4FFA-8A27-7975C9107DF5}
		{3E01F957-A60B-4449-AF8A-32FDDE8EB696} = {11983D01-08D9-4FFA-8A27-7975C9107DF5}
	EndGlobalSection
EndGlobal
